
Microsoft Visual Studio Solution File, Format Version 12.00
# Visual Studio Version 17
VisualStudioVersion = 17.5.002.0
MinimumVisualStudioVersion = 10.0.40219.1
Project("{2150E333-8FDC-42A3-9474-1A3956D46DE8}") = "sandbox", "sandbox", "{6D1E15C6-503C-422F-A38F-CD7BF84EE29B}"
EndProject
Project("{9A19103F-16F7-4668-BE54-9A1E7A4F7556}") = "sandbox_project", "sandbox\sandbox_project\sandbox_project.csproj", "{04F647A4-B2C1-4D0C-B3E6-F55D1CCB5DEF}"
EndProject
Project("{2150E333-8FDC-42A3-9474-1A3956D46DE8}") = "week01", "week01", "{7D148F1F-520F-4128-80D9-785ABEC908F7}"
EndProject
Project("{9A19103F-16F7-4668-BE54-9A1E7A4F7556}") = "analyze", "week01\analyze\analyze.csproj", "{666EE7A5-B672-4BC8-B300-2F803948F40F}"
EndProject
Project("{9A19103F-16F7-4668-BE54-9A1E7A4F7556}") = "code", "week01\code\code.csproj", "{AABC65BE-FDA2-438E-BF6B-14C4C42743F5}"
EndProject
Project("{9A19103F-16F7-4668-BE54-9A1E7A4F7556}") = "teach", "week01\teach\teach.csproj", "{F89D2CAC-FB88-4D2D-B2A0-9B99DD741CCB}"
EndProject
Project("{2150E333-8FDC-42A3-9474-1A3956D46DE8}") = "week02", "week02", "{C2A5C707-24D8-4CA5-901B-1E750047304B}"
EndProject
Project("{9A19103F-16F7-4668-BE54-9A1E7A4F7556}") = "analyze", "week02\analyze\analyze.csproj", "{2E145695-695A-4B05-81A0-CDE23C65B089}"
EndProject
Project("{9A19103F-16F7-4668-BE54-9A1E7A4F7556}") = "code", "week02\code\code.csproj", "{395DC5C3-95A0-4356-9095-CEEF030AA85F}"
EndProject
Project("{9A19103F-16F7-4668-BE54-9A1E7A4F7556}") = "learn", "week02\learn\learn.csproj", "{CC3452B7-3D26-49C2-A2E8-8C066CC7B4CF}"
EndProject
Project("{9A19103F-16F7-4668-BE54-9A1E7A4F7556}") = "teach", "week02\teach\teach.csproj", "{7DE22C17-2FB7-4290-9EC2-4C74FCC108EA}"
EndProject
Project("{2150E333-8FDC-42A3-9474-1A3956D46DE8}") = "week03", "week03", "{9E068F5C-01C7-4918-B924-BDDCE44916C0}"
EndProject
Project("{9A19103F-16F7-4668-BE54-9A1E7A4F7556}") = "code", "week03\code\code.csproj", "{8316298F-7008-4A0C-9FA0-5744D4E3E5FF}"
EndProject
Project("{9A19103F-16F7-4668-BE54-9A1E7A4F7556}") = "learn", "week03\learn\learn.csproj", "{F48823C0-1E38-41E2-845F-C13DAD9CD2E7}"
EndProject
Project("{9A19103F-16F7-4668-BE54-9A1E7A4F7556}") = "teach", "week03\teach\teach.csproj", "{99031EF3-1B31-4A4C-ADA7-2C4EF9C26F98}"
EndProject
Project("{2150E333-8FDC-42A3-9474-1A3956D46DE8}") = "week04", "week04", "{2D0802F2-24D1-4746-96D6-D15FA5E41E1C}"
EndProject
Project("{9A19103F-16F7-4668-BE54-9A1E7A4F7556}") = "code", "week04\code\code.csproj", "{EC224ECA-BC94-4289-B49E-96E734FB4011}"
EndProject
Project("{2150E333-8FDC-42A3-9474-1A3956D46DE8}") = "week05", "week05", "{E418EFDA-7FE6-47E0-94A9-7DD9EA486243}"
EndProject
Project("{9A19103F-16F7-4668-BE54-9A1E7A4F7556}") = "code", "week05\code\code.csproj", "{FCF54906-13AE-46FC-A7DC-08F0C7C95A4C}"
EndProject
Project("{2150E333-8FDC-42A3-9474-1A3956D46DE8}") = "week06", "week06", "{8F2635E1-1A9B-4EC6-94F6-0AB97B2561DB}"
EndProject
Project("{9A19103F-16F7-4668-BE54-9A1E7A4F7556}") = "code", "week06\code\code.csproj", "{1A480387-E9B3-428B-B2B8-DF4AAE7B7441}"
EndProject
Global
	GlobalSection(SolutionConfigurationPlatforms) = preSolution
		Debug|Any CPU = Debug|Any CPU
		Release|Any CPU = Release|Any CPU
	EndGlobalSection
	GlobalSection(ProjectConfigurationPlatforms) = postSolution
		{04F647A4-B2C1-4D0C-B3E6-F55D1CCB5DEF}.Debug|Any CPU.ActiveCfg = Debug|Any CPU
		{04F647A4-B2C1-4D0C-B3E6-F55D1CCB5DEF}.Debug|Any CPU.Build.0 = Debug|Any CPU
		{04F647A4-B2C1-4D0C-B3E6-F55D1CCB5DEF}.Release|Any CPU.ActiveCfg = Release|Any CPU
		{04F647A4-B2C1-4D0C-B3E6-F55D1CCB5DEF}.Release|Any CPU.Build.0 = Release|Any CPU
		{666EE7A5-B672-4BC8-B300-2F803948F40F}.Debug|Any CPU.ActiveCfg = Debug|Any CPU
		{666EE7A5-B672-4BC8-B300-2F803948F40F}.Debug|Any CPU.Build.0 = Debug|Any CPU
		{666EE7A5-B672-4BC8-B300-2F803948F40F}.Release|Any CPU.ActiveCfg = Release|Any CPU
		{666EE7A5-B672-4BC8-B300-2F803948F40F}.Release|Any CPU.Build.0 = Release|Any CPU
		{AABC65BE-FDA2-438E-BF6B-14C4C42743F5}.Debug|Any CPU.ActiveCfg = Debug|Any CPU
		{AABC65BE-FDA2-438E-BF6B-14C4C42743F5}.Debug|Any CPU.Build.0 = Debug|Any CPU
		{AABC65BE-FDA2-438E-BF6B-14C4C42743F5}.Release|Any CPU.ActiveCfg = Release|Any CPU
		{AABC65BE-FDA2-438E-BF6B-14C4C42743F5}.Release|Any CPU.Build.0 = Release|Any CPU
		{F89D2CAC-FB88-4D2D-B2A0-9B99DD741CCB}.Debug|Any CPU.ActiveCfg = Debug|Any CPU
		{F89D2CAC-FB88-4D2D-B2A0-9B99DD741CCB}.Debug|Any CPU.Build.0 = Debug|Any CPU
		{F89D2CAC-FB88-4D2D-B2A0-9B99DD741CCB}.Release|Any CPU.ActiveCfg = Release|Any CPU
		{F89D2CAC-FB88-4D2D-B2A0-9B99DD741CCB}.Release|Any CPU.Build.0 = Release|Any CPU
		{2E145695-695A-4B05-81A0-CDE23C65B089}.Debug|Any CPU.ActiveCfg = Debug|Any CPU
		{2E145695-695A-4B05-81A0-CDE23C65B089}.Debug|Any CPU.Build.0 = Debug|Any CPU
		{2E145695-695A-4B05-81A0-CDE23C65B089}.Release|Any CPU.ActiveCfg = Release|Any CPU
		{2E145695-695A-4B05-81A0-CDE23C65B089}.Release|Any CPU.Build.0 = Release|Any CPU
		{395DC5C3-95A0-4356-9095-CEEF030AA85F}.Debug|Any CPU.ActiveCfg = Debug|Any CPU
		{395DC5C3-95A0-4356-9095-CEEF030AA85F}.Debug|Any CPU.Build.0 = Debug|Any CPU
		{395DC5C3-95A0-4356-9095-CEEF030AA85F}.Release|Any CPU.ActiveCfg = Release|Any CPU
		{395DC5C3-95A0-4356-9095-CEEF030AA85F}.Release|Any CPU.Build.0 = Release|Any CPU
		{CC3452B7-3D26-49C2-A2E8-8C066CC7B4CF}.Debug|Any CPU.ActiveCfg = Debug|Any CPU
		{CC3452B7-3D26-49C2-A2E8-8C066CC7B4CF}.Debug|Any CPU.Build.0 = Debug|Any CPU
		{CC3452B7-3D26-49C2-A2E8-8C066CC7B4CF}.Release|Any CPU.ActiveCfg = Release|Any CPU
		{CC3452B7-3D26-49C2-A2E8-8C066CC7B4CF}.Release|Any CPU.Build.0 = Release|Any CPU
		{7DE22C17-2FB7-4290-9EC2-4C74FCC108EA}.Debug|Any CPU.ActiveCfg = Debug|Any CPU
		{7DE22C17-2FB7-4290-9EC2-4C74FCC108EA}.Debug|Any CPU.Build.0 = Debug|Any CPU
		{7DE22C17-2FB7-4290-9EC2-4C74FCC108EA}.Release|Any CPU.ActiveCfg = Release|Any CPU
		{7DE22C17-2FB7-4290-9EC2-4C74FCC108EA}.Release|Any CPU.Build.0 = Release|Any CPU
		{8316298F-7008-4A0C-9FA0-5744D4E3E5FF}.Debug|Any CPU.ActiveCfg = Debug|Any CPU
		{8316298F-7008-4A0C-9FA0-5744D4E3E5FF}.Debug|Any CPU.Build.0 = Debug|Any CPU
		{8316298F-7008-4A0C-9FA0-5744D4E3E5FF}.Release|Any CPU.ActiveCfg = Release|Any CPU
		{8316298F-7008-4A0C-9FA0-5744D4E3E5FF}.Release|Any CPU.Build.0 = Release|Any CPU
		{F48823C0-1E38-41E2-845F-C13DAD9CD2E7}.Debug|Any CPU.ActiveCfg = Debug|Any CPU
		{F48823C0-1E38-41E2-845F-C13DAD9CD2E7}.Debug|Any CPU.Build.0 = Debug|Any CPU
		{F48823C0-1E38-41E2-845F-C13DAD9CD2E7}.Release|Any CPU.ActiveCfg = Release|Any CPU
		{F48823C0-1E38-41E2-845F-C13DAD9CD2E7}.Release|Any CPU.Build.0 = Release|Any CPU
		{99031EF3-1B31-4A4C-ADA7-2C4EF9C26F98}.Debug|Any CPU.ActiveCfg = Debug|Any CPU
		{99031EF3-1B31-4A4C-ADA7-2C4EF9C26F98}.Debug|Any CPU.Build.0 = Debug|Any CPU
		{99031EF3-1B31-4A4C-ADA7-2C4EF9C26F98}.Release|Any CPU.ActiveCfg = Release|Any CPU
		{99031EF3-1B31-4A4C-ADA7-2C4EF9C26F98}.Release|Any CPU.Build.0 = Release|Any CPU
		{EC224ECA-BC94-4289-B49E-96E734FB4011}.Debug|Any CPU.ActiveCfg = Debug|Any CPU
		{EC224ECA-BC94-4289-B49E-96E734FB4011}.Debug|Any CPU.Build.0 = Debug|Any CPU
		{EC224ECA-BC94-4289-B49E-96E734FB4011}.Release|Any CPU.ActiveCfg = Release|Any CPU
		{EC224ECA-BC94-4289-B49E-96E734FB4011}.Release|Any CPU.Build.0 = Release|Any CPU
		{FCF54906-13AE-46FC-A7DC-08F0C7C95A4C}.Debug|Any CPU.ActiveCfg = Debug|Any CPU
		{FCF54906-13AE-46FC-A7DC-08F0C7C95A4C}.Debug|Any CPU.Build.0 = Debug|Any CPU
		{FCF54906-13AE-46FC-A7DC-08F0C7C95A4C}.Release|Any CPU.ActiveCfg = Release|Any CPU
		{FCF54906-13AE-46FC-A7DC-08F0C7C95A4C}.Release|Any CPU.Build.0 = Release|Any CPU
		{1A480387-E9B3-428B-B2B8-DF4AAE7B7441}.Debug|Any CPU.ActiveCfg = Debug|Any CPU
		{1A480387-E9B3-428B-B2B8-DF4AAE7B7441}.Debug|Any CPU.Build.0 = Debug|Any CPU
		{1A480387-E9B3-428B-B2B8-DF4AAE7B7441}.Release|Any CPU.ActiveCfg = Release|Any CPU
		{1A480387-E9B3-428B-B2B8-DF4AAE7B7441}.Release|Any CPU.Build.0 = Release|Any CPU
	EndGlobalSection
	GlobalSection(SolutionProperties) = preSolution
		HideSolutionNode = FALSE
	EndGlobalSection
	GlobalSection(NestedProjects) = preSolution
		{04F647A4-B2C1-4D0C-B3E6-F55D1CCB5DEF} = {6D1E15C6-503C-422F-A38F-CD7BF84EE29B}
		{666EE7A5-B672-4BC8-B300-2F803948F40F} = {7D148F1F-520F-4128-80D9-785ABEC908F7}
		{AABC65BE-FDA2-438E-BF6B-14C4C42743F5} = {7D148F1F-520F-4128-80D9-785ABEC908F7}
		{F89D2CAC-FB88-4D2D-B2A0-9B99DD741CCB} = {7D148F1F-520F-4128-80D9-785ABEC908F7}
		{2E145695-695A-4B05-81A0-CDE23C65B089} = {C2A5C707-24D8-4CA5-901B-1E750047304B}
		{395DC5C3-95A0-4356-9095-CEEF030AA85F} = {C2A5C707-24D8-4CA5-901B-1E750047304B}
		{CC3452B7-3D26-49C2-A2E8-8C066CC7B4CF} = {C2A5C707-24D8-4CA5-901B-1E750047304B}
		{7DE22C17-2FB7-4290-9EC2-4C74FCC108EA} = {C2A5C707-24D8-4CA5-901B-1E750047304B}
		{8316298F-7008-4A0C-9FA0-5744D4E3E5FF} = {9E068F5C-01C7-4918-B924-BDDCE44916C0}
		{F48823C0-1E38-41E2-845F-C13DAD9CD2E7} = {9E068F5C-01C7-4918-B924-BDDCE44916C0}
		{99031EF3-1B31-4A4C-ADA7-2C4EF9C26F98} = {9E068F5C-01C7-4918-B924-BDDCE44916C0}
		{EC224ECA-BC94-4289-B49E-96E734FB4011} = {2D0802F2-24D1-4746-96D6-D15FA5E41E1C}
		{FCF54906-13AE-46FC-A7DC-08F0C7C95A4C} = {E418EFDA-7FE6-47E0-94A9-7DD9EA486243}
		{1A480387-E9B3-428B-B2B8-DF4AAE7B7441} = {8F2635E1-1A9B-4EC6-94F6-0AB97B2561DB}
	EndGlobalSection
	GlobalSection(ExtensibilityGlobals) = postSolution
		SolutionGuid = {8A3B5768-9083-4260-91D6-B4E8BBC9A5E8}
	EndGlobalSection
EndGlobal
